
Microsoft Visual Studio Solution File, Format Version 12.00
# Visual Studio 15
VisualStudioVersion = 15.0.28307.489
MinimumVisualStudioVersion = 10.0.40219.1
Project("{FAE04EC0-301F-11D3-BF4B-00C04F79EFBC}") = "I4SWTMandatoryAssignment2", "I4SWTMandatoryAssignment2\I4SWTMandatoryAssignment2.csproj", "{2B03D021-AA63-4879-8D57-D54AECABC222}"
EndProject
Project("{FAE04EC0-301F-11D3-BF4B-00C04F79EFBC}") = "ATM.Unit.Test", "ATM.Unit.Test\ATM.Unit.Test.csproj", "{A2BCBFC8-B21B-4758-9BBE-0B571312FFE0}"
EndProject
Project("{FAE04EC0-301F-11D3-BF4B-00C04F79EFBC}") = "ATM.ApplicationLogic", "ATM.ApplicationLogic\ATM.ApplicationLogic.csproj", "{28ADA663-3E15-4607-A4C5-0B941D1EFC2F}"
EndProject
Global
	GlobalSection(SolutionConfigurationPlatforms) = preSolution
		Debug|Any CPU = Debug|Any CPU
		Release|Any CPU = Release|Any CPU
	EndGlobalSection
	GlobalSection(ProjectConfigurationPlatforms) = postSolution
		{2B03D021-AA63-4879-8D57-D54AECABC222}.Debug|Any CPU.ActiveCfg = Debug|Any CPU
		{2B03D021-AA63-4879-8D57-D54AECABC222}.Debug|Any CPU.Build.0 = Debug|Any CPU
		{2B03D021-AA63-4879-8D57-D54AECABC222}.Release|Any CPU.ActiveCfg = Release|Any CPU
		{2B03D021-AA63-4879-8D57-D54AECABC222}.Release|Any CPU.Build.0 = Release|Any CPU
		{A2BCBFC8-B21B-4758-9BBE-0B571312FFE0}.Debug|Any CPU.ActiveCfg = Debug|Any CPU
		{A2BCBFC8-B21B-4758-9BBE-0B571312FFE0}.Debug|Any CPU.Build.0 = Debug|Any CPU
		{A2BCBFC8-B21B-4758-9BBE-0B571312FFE0}.Release|Any CPU.ActiveCfg = Release|Any CPU
		{A2BCBFC8-B21B-4758-9BBE-0B571312FFE0}.Release|Any CPU.Build.0 = Release|Any CPU
		{28ADA663-3E15-4607-A4C5-0B941D1EFC2F}.Debug|Any CPU.ActiveCfg = Debug|Any CPU
		{28ADA663-3E15-4607-A4C5-0B941D1EFC2F}.Debug|Any CPU.Build.0 = Debug|Any CPU
		{28ADA663-3E15-4607-A4C5-0B941D1EFC2F}.Release|Any CPU.ActiveCfg = Release|Any CPU
		{28ADA663-3E15-4607-A4C5-0B941D1EFC2F}.Release|Any CPU.Build.0 = Release|Any CPU
	EndGlobalSection
	GlobalSection(SolutionProperties) = preSolution
		HideSolutionNode = FALSE
	EndGlobalSection
	GlobalSection(ExtensibilityGlobals) = postSolution
		SolutionGuid = {E9178B30-6A71-4DAE-BE39-F1AB4EBFDE61}
	EndGlobalSection
EndGlobal
