
Microsoft Visual Studio Solution File, Format Version 12.00
# Visual Studio 14
VisualStudioVersion = 14.0.25420.1
MinimumVisualStudioVersion = 10.0.40219.1
Project("{FAE04EC0-301F-11D3-BF4B-00C04F79EFBC}") = "AirTrafficMonitor", "AirTrafficMonitor\AirTrafficMonitor.csproj", "{DB26D7B4-00CC-420E-A52A-B3519FDD9E4A}"
EndProject
Global
	GlobalSection(SolutionConfigurationPlatforms) = preSolution
		Debug|Any CPU = Debug|Any CPU
		Release|Any CPU = Release|Any CPU
	EndGlobalSection
	GlobalSection(ProjectConfigurationPlatforms) = postSolution
		{DB26D7B4-00CC-420E-A52A-B3519FDD9E4A}.Debug|Any CPU.ActiveCfg = Debug|Any CPU
		{DB26D7B4-00CC-420E-A52A-B3519FDD9E4A}.Debug|Any CPU.Build.0 = Debug|Any CPU
		{DB26D7B4-00CC-420E-A52A-B3519FDD9E4A}.Release|Any CPU.ActiveCfg = Release|Any CPU
		{DB26D7B4-00CC-420E-A52A-B3519FDD9E4A}.Release|Any CPU.Build.0 = Release|Any CPU
	EndGlobalSection
	GlobalSection(SolutionProperties) = preSolution
		HideSolutionNode = FALSE
	EndGlobalSection
	GlobalSection(ExtensibilityGlobals) = postSolution
		SolutionGuid = {D650FC92-F794-4370-8189-97D4386C52B9}
	EndGlobalSection
EndGlobal
