
Microsoft Visual Studio Solution File, Format Version 12.00
# Visual Studio 15
VisualStudioVersion = 15.0.28307.489
MinimumVisualStudioVersion = 10.0.40219.1
Project("{FAE04EC0-301F-11D3-BF4B-00C04F79EFBC}") = "AirTrafficMonitor", "AirTrafficMonitor\AirTrafficMonitor.csproj", "{CA122528-C0DA-444A-96B1-FE45E651FDAC}"
EndProject
Project("{FAE04EC0-301F-11D3-BF4B-00C04F79EFBC}") = "AirTrafficMonitorApplication", "AirTrafficMonitorApplication\AirTrafficMonitorApplication.csproj", "{0249649C-1CE6-40BE-968F-8785E47B393D}"
EndProject
Project("{FAE04EC0-301F-11D3-BF4B-00C04F79EFBC}") = "AirTrafficMonitor.Test.Unit", "AirTrafficMonitor.Test.Unit\AirTrafficMonitor.Test.Unit.csproj", "{C24EBCD0-D8C8-4540-B6DC-F86AA778A4FE}"
EndProject
Global
	GlobalSection(SolutionConfigurationPlatforms) = preSolution
		Debug|Any CPU = Debug|Any CPU
		Release|Any CPU = Release|Any CPU
	EndGlobalSection
	GlobalSection(ProjectConfigurationPlatforms) = postSolution
		{CA122528-C0DA-444A-96B1-FE45E651FDAC}.Debug|Any CPU.ActiveCfg = Debug|Any CPU
		{CA122528-C0DA-444A-96B1-FE45E651FDAC}.Debug|Any CPU.Build.0 = Debug|Any CPU
		{CA122528-C0DA-444A-96B1-FE45E651FDAC}.Release|Any CPU.ActiveCfg = Release|Any CPU
		{CA122528-C0DA-444A-96B1-FE45E651FDAC}.Release|Any CPU.Build.0 = Release|Any CPU
		{0249649C-1CE6-40BE-968F-8785E47B393D}.Debug|Any CPU.ActiveCfg = Debug|Any CPU
		{0249649C-1CE6-40BE-968F-8785E47B393D}.Debug|Any CPU.Build.0 = Debug|Any CPU
		{0249649C-1CE6-40BE-968F-8785E47B393D}.Release|Any CPU.ActiveCfg = Release|Any CPU
		{0249649C-1CE6-40BE-968F-8785E47B393D}.Release|Any CPU.Build.0 = Release|Any CPU
		{C24EBCD0-D8C8-4540-B6DC-F86AA778A4FE}.Debug|Any CPU.ActiveCfg = Debug|Any CPU
		{C24EBCD0-D8C8-4540-B6DC-F86AA778A4FE}.Debug|Any CPU.Build.0 = Debug|Any CPU
		{C24EBCD0-D8C8-4540-B6DC-F86AA778A4FE}.Release|Any CPU.ActiveCfg = Release|Any CPU
		{C24EBCD0-D8C8-4540-B6DC-F86AA778A4FE}.Release|Any CPU.Build.0 = Release|Any CPU
	EndGlobalSection
	GlobalSection(SolutionProperties) = preSolution
		HideSolutionNode = FALSE
	EndGlobalSection
	GlobalSection(ExtensibilityGlobals) = postSolution
		SolutionGuid = {DC5ADF04-1576-4DFE-B705-4ABBAA6C7203}
	EndGlobalSection
EndGlobal
